{
  "name": "ielts-score-calculator-demo",
  "version": "1.0.10",
  "lockfileVersion": 3,
  "requires": true,
  "packages": {
    "": {
      "name": "ielts-score-calculator-demo",
      "version": "1.0.10",
      "license": "ISC",
      "dependencies": {
        "ielts-score-calculator-demo": "^1.0.2",
        "typescript": "^5.4.3"
      }
    },
    "node_modules/ielts-score-calculator-demo": {
      "version": "1.0.5",
      "resolved": "https://registry.npmjs.org/ielts-score-calculator-demo/-/ielts-score-calculator-demo-1.0.5.tgz",
      "integrity": "sha512-bC7XiaYFWsUqsKLg+PjAu0Tdb8DifEFD0J7w694+pyz6Nt7MiEnh+wum20+c1QtcxO3Ax5Z7Xv2uO04sFyv9wA==",
      "dependencies": {
        "ielts-score-calculator-demo": "^1.0.2",
        "typescript": "^5.4.3"
      }
    },
    "node_modules/typescript": {
      "version": "5.4.3",
      "resolved": "https://registry.npmjs.org/typescript/-/typescript-5.4.3.tgz",
      "integrity": "sha512-KrPd3PKaCLr78MalgiwJnA25Nm8HAmdwN3mYUYZgG/wizIo9EainNVQI9/yDavtVFRN2h3k8uf3GLHuhDMgEHg==",
      "bin": {
        "tsc": "bin/tsc",
        "tsserver": "bin/tsserver"
      },
      "engines": {
        "node": ">=14.17"
      }
    }
  }
}
